
Microsoft Visual Studio Solution File, Format Version 12.00
# Visual Studio Version 16
VisualStudioVersion = 16.0.31702.278
MinimumVisualStudioVersion = 10.0.40219.1
Project("{9A19103F-16F7-4668-BE54-9A1E7A4F7556}") = "VisitorPattern", "VisitorPatter\VisitorPattern.csproj", "{CEAFF42C-3AF7-477F-B80C-7F4DD6B0BCF7}"
EndProject
Global
	GlobalSection(SolutionConfigurationPlatforms) = preSolution
		Debug|Any CPU = Debug|Any CPU
		Release|Any CPU = Release|Any CPU
	EndGlobalSection
	GlobalSection(ProjectConfigurationPlatforms) = postSolution
		{CEAFF42C-3AF7-477F-B80C-7F4DD6B0BCF7}.Debug|Any CPU.ActiveCfg = Debug|Any CPU
		{CEAFF42C-3AF7-477F-B80C-7F4DD6B0BCF7}.Debug|Any CPU.Build.0 = Debug|Any CPU
		{CEAFF42C-3AF7-477F-B80C-7F4DD6B0BCF7}.Release|Any CPU.ActiveCfg = Release|Any CPU
		{CEAFF42C-3AF7-477F-B80C-7F4DD6B0BCF7}.Release|Any CPU.Build.0 = Release|Any CPU
	EndGlobalSection
	GlobalSection(SolutionProperties) = preSolution
		HideSolutionNode = FALSE
	EndGlobalSection
	GlobalSection(ExtensibilityGlobals) = postSolution
		SolutionGuid = {5CA89A43-23D8-478D-8E20-2A8D3BF103CE}
	EndGlobalSection
EndGlobal
